
Microsoft Visual Studio Solution File, Format Version 12.00
# Visual Studio Version 16
VisualStudioVersion = 16.0.29503.13
MinimumVisualStudioVersion = 10.0.40219.1
Project("{FAE04EC0-301F-11D3-BF4B-00C04F79EFBC}") = "NpcRandomizerinator", "NpcRandomizerinator\NpcRandomizerinator.csproj", "{6CBE2D28-8907-4741-B3A9-5EBAC30928C4}"
EndProject
Global
	GlobalSection(SolutionConfigurationPlatforms) = preSolution
		Debug|Any CPU = Debug|Any CPU
		Release|Any CPU = Release|Any CPU
	EndGlobalSection
	GlobalSection(ProjectConfigurationPlatforms) = postSolution
		{6CBE2D28-8907-4741-B3A9-5EBAC30928C4}.Debug|Any CPU.ActiveCfg = Debug|Any CPU
		{6CBE2D28-8907-4741-B3A9-5EBAC30928C4}.Debug|Any CPU.Build.0 = Debug|Any CPU
		{6CBE2D28-8907-4741-B3A9-5EBAC30928C4}.Release|Any CPU.ActiveCfg = Release|Any CPU
		{6CBE2D28-8907-4741-B3A9-5EBAC30928C4}.Release|Any CPU.Build.0 = Release|Any CPU
	EndGlobalSection
	GlobalSection(SolutionProperties) = preSolution
		HideSolutionNode = FALSE
	EndGlobalSection
	GlobalSection(ExtensibilityGlobals) = postSolution
		SolutionGuid = {2369AD0D-F1E4-40E5-A0B2-0FE5B0AB5089}
	EndGlobalSection
EndGlobal
